// !$*UTF8*$!
{
	archiveVersion = 1;
	classes = {
	};
	objectVersion = 46;
	objects = {

/* Begin PBXBuildFile section */
		97E5FAEA1A2E639700EA58A1 /* AppDelegate.swift in Sources */ = {isa = PBXBuildFile; fileRef = 97E5FAE91A2E639700EA58A1 /* AppDelegate.swift */; };
		97E5FAEC1A2E639700EA58A1 /* ViewController.swift in Sources */ = {isa = PBXBuildFile; fileRef = 97E5FAEB1A2E639700EA58A1 /* ViewController.swift */; };
		97E5FAEF1A2E639700EA58A1 /* Main.storyboard in Resources */ = {isa = PBXBuildFile; fileRef = 97E5FAED1A2E639700EA58A1 /* Main.storyboard */; };
		97E5FAF11A2E639700EA58A1 /* Images.xcassets in Resources */ = {isa = PBXBuildFile; fileRef = 97E5FAF01A2E639700EA58A1 /* Images.xcassets */; };
		97E5FAF41A2E639700EA58A1 /* LaunchScreen.xib in Resources */ = {isa = PBXBuildFile; fileRef = 97E5FAF21A2E639700EA58A1 /* LaunchScreen.xib */; };
		97E5FB001A2E639700EA58A1 /* BasicInteractionTests.swift in Sources */ = {isa = PBXBuildFile; fileRef = 97E5FAFF1A2E639700EA58A1 /* BasicInteractionTests.swift */; };
/* End PBXBuildFile section */

/* Begin PBXContainerItemProxy section */
		97E5FAFA1A2E639700EA58A1 /* PBXContainerItemProxy */ = {
			isa = PBXContainerItemProxy;
			containerPortal = 97E5FADC1A2E639600EA58A1 /* Project object */;
			proxyType = 1;
			remoteGlobalIDString = 97E5FAE31A2E639600EA58A1;
			remoteInfo = BasicInteraction;
		};
/* End PBXContainerItemProxy section */

/* Begin PBXFileReference section */
		97E5FAE41A2E639700EA58A1 /* BasicInteraction.app */ = {isa = PBXFileReference; explicitFileType = wrapper.application; includeInIndex = 0; path = BasicInteraction.app; sourceTree = BUILT_PRODUCTS_DIR; };
		97E5FAE81A2E639700EA58A1 /* Info.plist */ = {isa = PBXFileReference; lastKnownFileType = text.plist.xml; path = Info.plist; sourceTree = "<group>"; };
		97E5FAE91A2E639700EA58A1 /* AppDelegate.swift */ = {isa = PBXFileReference; lastKnownFileType = sourcecode.swift; path = AppDelegate.swift; sourceTree = "<group>"; };
		97E5FAEB1A2E639700EA58A1 /* ViewController.swift */ = {isa = PBXFileReference; lastKnownFileType = sourcecode.swift; path = ViewController.swift; sourceTree = "<group>"; };
		97E5FAEE1A2E639700EA58A1 /* Base */ = {isa = PBXFileReference; lastKnownFileType = file.storyboard; name = Base; path = Base.lproj/Main.storyboard; sourceTree = "<group>"; };
		97E5FAF01A2E639700EA58A1 /* Images.xcassets */ = {isa = PBXFileReference; lastKnownFileType = folder.assetcatalog; path = Images.xcassets; sourceTree = "<group>"; };
		97E5FAF31A2E639700EA58A1 /* Base */ = {isa = PBXFileReference; lastKnownFileType = file.xib; name = Base; path = Base.lproj/LaunchScreen.xib; sourceTree = "<group>"; };
		97E5FAF91A2E639700EA58A1 /* BasicInteractionTests.xctest */ = {isa = PBXFileReference; explicitFileType = wrapper.cfbundle; includeInIndex = 0; path = BasicInteractionTests.xctest; sourceTree = BUILT_PRODUCTS_DIR; };
		97E5FAFE1A2E639700EA58A1 /* Info.plist */ = {isa = PBXFileReference; lastKnownFileType = text.plist.xml; path = Info.plist; sourceTree = "<group>"; };
		97E5FAFF1A2E639700EA58A1 /* BasicInteractionTests.swift */ = {isa = PBXFileReference; lastKnownFileType = sourcecode.swift; path = BasicInteractionTests.swift; sourceTree = "<group>"; };
/* End PBXFileReference section */

/* Begin PBXFrameworksBuildPhase section */
		97E5FAE11A2E639600EA58A1 /* Frameworks */ = {
			isa = PBXFrameworksBuildPhase;
			buildActionMask = 2147483647;
			files = (
			);
			runOnlyForDeploymentPostprocessing = 0;
		};
		97E5FAF61A2E639700EA58A1 /* Frameworks */ = {
			isa = PBXFrameworksBuildPhase;
			buildActionMask = 2147483647;
			files = (
			);
			runOnlyForDeploymentPostprocessing = 0;
		};
/* End PBXFrameworksBuildPhase section */

/* Begin PBXGroup section */
		97E5FADB1A2E639600EA58A1 = {
			isa = PBXGroup;
			children = (
				97E5FAE61A2E639700EA58A1 /* BasicInteraction */,
				97E5FAFC1A2E639700EA58A1 /* BasicInteractionTests */,
				97E5FAE51A2E639700EA58A1 /* Products */,
			);
			sourceTree = "<group>";
		};
		97E5FAE51A2E639700EA58A1 /* Products */ = {
			isa = PBXGroup;
			children = (
				97E5FAE41A2E639700EA58A1 /* BasicInteraction.app */,
				97E5FAF91A2E639700EA58A1 /* BasicInteractionTests.xctest */,
			);
			name = Products;
			sourceTree = "<group>";
		};
		97E5FAE61A2E639700EA58A1 /* BasicInteraction */ = {
			isa = PBXGroup;
			children = (
				97E5FAE91A2E639700EA58A1 /* AppDelegate.swift */,
				97E5FAEB1A2E639700EA58A1 /* ViewController.swift */,
				97E5FAED1A2E639700EA58A1 /* Main.storyboard */,
				97E5FAF01A2E639700EA58A1 /* Images.xcassets */,
				97E5FAF21A2E639700EA58A1 /* LaunchScreen.xib */,
				97E5FAE71A2E639700EA58A1 /* Supporting Files */,
			);
			path = BasicInteraction;
			sourceTree = "<group>";
		};
		97E5FAE71A2E639700EA58A1 /* Supporting Files */ = {
			isa = PBXGroup;
			children = (
				97E5FAE81A2E639700EA58A1 /* Info.plist */,
			);
			name = "Supporting Files";
			sourceTree = "<group>";
		};
		97E5FAFC1A2E639700EA58A1 /* BasicInteractionTests */ = {
			isa = PBXGroup;
			children = (
				97E5FAFF1A2E639700EA58A1 /* BasicInteractionTests.swift */,
				97E5FAFD1A2E639700EA58A1 /* Supporting Files */,
			);
			path = BasicInteractionTests;
			sourceTree = "<group>";
		};
		97E5FAFD1A2E639700EA58A1 /* Supporting Files */ = {
			isa = PBXGroup;
			children = (
				97E5FAFE1A2E639700EA58A1 /* Info.plist */,
			);
			name = "Supporting Files";
			sourceTree = "<group>";
		};
/* End PBXGroup section */

/* Begin PBXNativeTarget section */
		97E5FAE31A2E639600EA58A1 /* BasicInteraction */ = {
			isa = PBXNativeTarget;
			buildConfigurationList = 97E5FB031A2E639700EA58A1 /* Build configuration list for PBXNativeTarget "BasicInteraction" */;
			buildPhases = (
				97E5FAE01A2E639600EA58A1 /* Sources */,
				97E5FAE11A2E639600EA58A1 /* Frameworks */,
				97E5FAE21A2E639600EA58A1 /* Resources */,
			);
			buildRules = (
			);
			dependencies = (
			);
			name = BasicInteraction;
			productName = BasicInteraction;
			productReference = 97E5FAE41A2E639700EA58A1 /* BasicInteraction.app */;
			productType = "com.apple.product-type.application";
		};
		97E5FAF81A2E639700EA58A1 /* BasicInteractionTests */ = {
			isa = PBXNativeTarget;
			buildConfigurationList = 97E5FB061A2E639700EA58A1 /* Build configuration list for PBXNativeTarget "BasicInteractionTests" */;
			buildPhases = (
				97E5FAF51A2E639700EA58A1 /* Sources */,
				97E5FAF61A2E639700EA58A1 /* Frameworks */,
				97E5FAF71A2E639700EA58A1 /* Resources */,
			);
			buildRules = (
			);
			dependencies = (
				97E5FAFB1A2E639700EA58A1 /* PBXTargetDependency */,
			);
			name = BasicInteractionTests;
			productName = BasicInteractionTests;
			productReference = 97E5FAF91A2E639700EA58A1 /* BasicInteractionTests.xctest */;
			productType = "com.apple.product-type.bundle.unit-test";
		};
/* End PBXNativeTarget section */

/* Begin PBXProject section */
		97E5FADC1A2E639600EA58A1 /* Project object */ = {
			isa = PBXProject;
			attributes = {
				LastUpgradeCheck = 0610;
				ORGANIZATIONNAME = "Kanishka Goel";
				TargetAttributes = {
					97E5FAE31A2E639600EA58A1 = {
						CreatedOnToolsVersion = 6.1;
					};
					97E5FAF81A2E639700EA58A1 = {
						CreatedOnToolsVersion = 6.1;
						TestTargetID = 97E5FAE31A2E639600EA58A1;
					};
				};
			};
			buildConfigurationList = 97E5FADF1A2E639600EA58A1 /* Build configuration list for PBXProject "BasicInteraction" */;
			compatibilityVersion = "Xcode 3.2";
			developmentRegion = English;
			hasScannedForEncodings = 0;
			knownRegions = (
				en,
				Base,
			);
			mainGroup = 97E5FADB1A2E639600EA58A1;
			productRefGroup = 97E5FAE51A2E639700EA58A1 /* Products */;
			projectDirPath = "";
			projectRoot = "";
			targets = (
				97E5FAE31A2E639600EA58A1 /* BasicInteraction */,
				97E5FAF81A2E639700EA58A1 /* BasicInteractionTests */,
			);
		};
/* End PBXProject section */

/* Begin PBXResourcesBuildPhase section */
		97E5FAE21A2E639600EA58A1 /* Resources */ = {
			isa = PBXResourcesBuildPhase;
			buildActionMask = 2147483647;
			files = (
				97E5FAEF1A2E639700EA58A1 /* Main.storyboard in Resources */,
				97E5FAF41A2E639700EA58A1 /* LaunchScreen.xib in Resources */,
				97E5FAF11A2E639700EA58A1 /* Images.xcassets in Resources */,
			);
			runOnlyForDeploymentPostprocessing = 0;
		};
		97E5FAF71A2E639700EA58A1 /* Resources */ = {
			isa = PBXResourcesBuildPhase;
			buildActionMask = 2147483647;
			files = (
			);
			runOnlyForDeploymentPostprocessing = 0;
		};
/* End PBXResourcesBuildPhase section */

/* Begin PBXSourcesBuildPhase section */
		97E5FAE01A2E639600EA58A1 /* Sources */ = {
			isa = PBXSourcesBuildPhase;
			buildActionMask = 2147483647;
			files = (
				97E5FAEC1A2E639700EA58A1 /* ViewController.swift in Sources */,
				97E5FAEA1A2E639700EA58A1 /* AppDelegate.swift in Sources */,
			);
			runOnlyForDeploymentPostprocessing = 0;
		};
		97E5FAF51A2E639700EA58A1 /* Sources */ = {
			isa = PBXSourcesBuildPhase;
			buildActionMask = 2147483647;
			files = (
				97E5FB001A2E639700EA58A1 /* BasicInteractionTests.swift in Sources */,
			);
			runOnlyForDeploymentPostprocessing = 0;
		};
/* End PBXSourcesBuildPhase section */

/* Begin PBXTargetDependency section */
		97E5FAFB1A2E639700EA58A1 /* PBXTargetDependency */ = {
			isa = PBXTargetDependency;
			target = 97E5FAE31A2E639600EA58A1 /* BasicInteraction */;
			targetProxy = 97E5FAFA1A2E639700EA58A1 /* PBXContainerItemProxy */;
		};
/* End PBXTargetDependency section */

/* Begin PBXVariantGroup section */
		97E5FAED1A2E639700EA58A1 /* Main.storyboard */ = {
			isa = PBXVariantGroup;
			children = (
				97E5FAEE1A2E639700EA58A1 /* Base */,
			);
			name = Main.storyboard;
			sourceTree = "<group>";
		};
		97E5FAF21A2E639700EA58A1 /* LaunchScreen.xib */ = {
			isa = PBXVariantGroup;
			children = (
				97E5FAF31A2E639700EA58A1 /* Base */,
			);
			name = LaunchScreen.xib;
			sourceTree = "<group>";
		};
/* End PBXVariantGroup section */

/* Begin XCBuildConfiguration section */
		97E5FB011A2E639700EA58A1 /* Debug */ = {
			isa = XCBuildConfiguration;
			buildSettings = {
				ALWAYS_SEARCH_USER_PATHS = NO;
				CLANG_CXX_LANGUAGE_STANDARD = "gnu++0x";
				CLANG_CXX_LIBRARY = "libc++";
				CLANG_ENABLE_MODULES = YES;
				CLANG_ENABLE_OBJC_ARC = YES;
				CLANG_WARN_BOOL_CONVERSION = YES;
				CLANG_WARN_CONSTANT_CONVERSION = YES;
				CLANG_WARN_DIRECT_OBJC_ISA_USAGE = YES_ERROR;
				CLANG_WARN_EMPTY_BODY = YES;
				CLANG_WARN_ENUM_CONVERSION = YES;
				CLANG_WARN_INT_CONVERSION = YES;
				CLANG_WARN_OBJC_ROOT_CLASS = YES_ERROR;
				CLANG_WARN_UNREACHABLE_CODE = YES;
				CLANG_WARN__DUPLICATE_METHOD_MATCH = YES;
				"CODE_SIGN_IDENTITY[sdk=iphoneos*]" = "iPhone Developer";
				COPY_PHASE_STRIP = NO;
				ENABLE_STRICT_OBJC_MSGSEND = YES;
				GCC_C_LANGUAGE_STANDARD = gnu99;
				GCC_DYNAMIC_NO_PIC = NO;
				GCC_OPTIMIZATION_LEVEL = 0;
				GCC_PREPROCESSOR_DEFINITIONS = (
					"DEBUG=1",
					"$(inherited)",
				);
				GCC_SYMBOLS_PRIVATE_EXTERN = NO;
				GCC_WARN_64_TO_32_BIT_CONVERSION = YES;
				GCC_WARN_ABOUT_RETURN_TYPE = YES_ERROR;
				GCC_WARN_UNDECLARED_SELECTOR = YES;
				GCC_WARN_UNINITIALIZED_AUTOS = YES_AGGRESSIVE;
				GCC_WARN_UNUSED_FUNCTION = YES;
				GCC_WARN_UNUSED_VARIABLE = YES;
				IPHONEOS_DEPLOYMENT_TARGET = 8.1;
				MTL_ENABLE_DEBUG_INFO = YES;
				ONLY_ACTIVE_ARCH = YES;
				SDKROOT = iphoneos;
				SWIFT_OPTIMIZATION_LEVEL = "-Onone";
			};
			name = Debug;
		};
		97E5FB021A2E639700EA58A1 /* Release */ = {
			isa = XCBuildConfiguration;
			buildSettings = {
				ALWAYS_SEARCH_USER_PATHS = NO;
				CLANG_CXX_LANGUAGE_STANDARD = "gnu++0x";
				CLANG_CXX_LIBRARY = "libc++";
				CLANG_ENABLE_MODULES = YES;
				CLANG_ENABLE_OBJC_ARC = YES;
				CLANG_WARN_BOOL_CONVERSION = YES;
				CLANG_WARN_CONSTANT_CONVERSION = YES;
				CLANG_WARN_DIRECT_OBJC_ISA_USAGE = YES_ERROR;
				CLANG_WARN_EMPTY_BODY = YES;
				CLANG_WARN_ENUM_CONVERSION = YES;
				CLANG_WARN_INT_CONVERSION = YES;
				CLANG_WARN_OBJC_ROOT_CLASS = YES_ERROR;
				CLANG_WARN_UNREACHABLE_CODE = YES;
				CLANG_WARN__DUPLICATE_METHOD_MATCH = YES;
				"CODE_SIGN_IDENTITY[sdk=iphoneos*]" = "iPhone Developer";
				COPY_PHASE_STRIP = YES;
				ENABLE_NS_ASSERTIONS = NO;
				ENABLE_STRICT_OBJC_MSGSEND = YES;
				GCC_C_LANGUAGE_STANDARD = gnu99;
				GCC_WARN_64_TO_32_BIT_CONVERSION = YES;
				GCC_WARN_ABOUT_RETURN_TYPE = YES_ERROR;
				GCC_WARN_UNDECLARED_SELECTOR = YES;
				GCC_WARN_UNINITIALIZED_AUTOS = YES_AGGRESSIVE;
				GCC_WARN_UNUSED_FUNCTION = YES;
				GCC_WARN_UNUSED_VARIABLE = YES;
				IPHONEOS_DEPLOYMENT_TARGET = 8.1;
				MTL_ENABLE_DEBUG_INFO = NO;
				SDKROOT = iphoneos;
				VALIDATE_PRODUCT = YES;
			};
			name = Release;
		};
		97E5FB041A2E639700EA58A1 /* Debug */ = {
			isa = XCBuildConfiguration;
			buildSettings = {
				ASSETCATALOG_COMPILER_APPICON_NAME = AppIcon;
				INFOPLIST_FILE = BasicInteraction/Info.plist;
				LD_RUNPATH_SEARCH_PATHS = "$(inherited) @executable_path/Frameworks";
				PRODUCT_NAME = "$(TARGET_NAME)";
			};
			name = Debug;
		};
		97E5FB051A2E639700EA58A1 /* Release */ = {
			isa = XCBuildConfiguration;
			buildSettings = {
				ASSETCATALOG_COMPILER_APPICON_NAME = AppIcon;
				INFOPLIST_FILE = BasicInteraction/Info.plist;
				LD_RUNPATH_SEARCH_PATHS = "$(inherited) @executable_path/Frameworks";
				PRODUCT_NAME = "$(TARGET_NAME)";
			};
			name = Release;
		};
		97E5FB071A2E639700EA58A1 /* Debug */ = {
			isa = XCBuildConfiguration;
			buildSettings = {
				BUNDLE_LOADER = "$(TEST_HOST)";
				FRAMEWORK_SEARCH_PATHS = (
					"$(SDKROOT)/Developer/Library/Frameworks",
					"$(inherited)",
				);
				GCC_PREPROCESSOR_DEFINITIONS = (
					"DEBUG=1",
					"$(inherited)",
				);
				INFOPLIST_FILE = BasicInteractionTests/Info.plist;
				LD_RUNPATH_SEARCH_PATHS = "$(inherited) @executable_path/Frameworks @loader_path/Frameworks";
				PRODUCT_NAME = "$(TARGET_NAME)";
				TEST_HOST = "$(BUILT_PRODUCTS_DIR)/BasicInteraction.app/BasicInteraction";
			};
			name = Debug;
		};
		97E5FB081A2E639700EA58A1 /* Release */ = {
			isa = XCBuildConfiguration;
			buildSettings = {
				BUNDLE_LOADER = "$(TEST_HOST)";
				FRAMEWORK_SEARCH_PATHS = (
					"$(SDKROOT)/Developer/Library/Frameworks",
					"$(inherited)",
				);
				INFOPLIST_FILE = BasicInteractionTests/Info.plist;
				LD_RUNPATH_SEARCH_PATHS = "$(inherited) @executable_path/Frameworks @loader_path/Frameworks";
				PRODUCT_NAME = "$(TARGET_NAME)";
				TEST_HOST = "$(BUILT_PRODUCTS_DIR)/BasicInteraction.app/BasicInteraction";
			};
			name = Release;
		};
/* End XCBuildConfiguration section */

/* Begin XCConfigurationList section */
		97E5FADF1A2E639600EA58A1 /* Build configuration list for PBXProject "BasicInteraction" */ = {
			isa = XCConfigurationList;
			buildConfigurations = (
				97E5FB011A2E639700EA58A1 /* Debug */,
				97E5FB021A2E639700EA58A1 /* Release */,
			);
			defaultConfigurationIsVisible = 0;
			defaultConfigurationName = Release;
		};
		97E5FB031A2E639700EA58A1 /* Build configuration list for PBXNativeTarget "BasicInteraction" */ = {
			isa = XCConfigurationList;
			buildConfigurations = (
				97E5FB041A2E639700EA58A1 /* Debug */,
				97E5FB051A2E639700EA58A1 /* Release */,
			);
			defaultConfigurationIsVisible = 0;
		};
		97E5FB061A2E639700EA58A1 /* Build configuration list for PBXNativeTarget "BasicInteractionTests" */ = {
			isa = XCConfigurationList;
			buildConfigurations = (
				97E5FB071A2E639700EA58A1 /* Debug */,
				97E5FB081A2E639700EA58A1 /* Release */,
			);
			defaultConfigurationIsVisible = 0;
		};
/* End XCConfigurationList section */
	};
	rootObject = 97E5FADC1A2E639600EA58A1 /* Project object */;
}
