// !$*UTF8*$!
{
	archiveVersion = 1;
	classes = {
	};
	objectVersion = 46;
	objects = {

/* Begin PBXBuildFile section */
		975214E41A365298009A2A77 /* AppDelegate.swift in Sources */ = {isa = PBXBuildFile; fileRef = 975214E31A365298009A2A77 /* AppDelegate.swift */; };
		975214E91A365298009A2A77 /* Main.storyboard in Resources */ = {isa = PBXBuildFile; fileRef = 975214E71A365298009A2A77 /* Main.storyboard */; };
		975214EB1A365298009A2A77 /* Images.xcassets in Resources */ = {isa = PBXBuildFile; fileRef = 975214EA1A365298009A2A77 /* Images.xcassets */; };
		975214EE1A365298009A2A77 /* LaunchScreen.xib in Resources */ = {isa = PBXBuildFile; fileRef = 975214EC1A365298009A2A77 /* LaunchScreen.xib */; };
		975214FA1A365298009A2A77 /* PhotoViewerTests.swift in Sources */ = {isa = PBXBuildFile; fileRef = 975214F91A365298009A2A77 /* PhotoViewerTests.swift */; };
		975215041A36DD4F009A2A77 /* Photo.swift in Sources */ = {isa = PBXBuildFile; fileRef = 975215031A36DD4F009A2A77 /* Photo.swift */; };
		975215081A36DE39009A2A77 /* PhotosTableViewController.swift in Sources */ = {isa = PBXBuildFile; fileRef = 975215071A36DE39009A2A77 /* PhotosTableViewController.swift */; };
		9752150A1A36DE50009A2A77 /* DisplayViewController.swift in Sources */ = {isa = PBXBuildFile; fileRef = 975215091A36DE50009A2A77 /* DisplayViewController.swift */; };
		9752150C1A36DE5D009A2A77 /* InfoViewController.swift in Sources */ = {isa = PBXBuildFile; fileRef = 9752150B1A36DE5D009A2A77 /* InfoViewController.swift */; };
/* End PBXBuildFile section */

/* Begin PBXContainerItemProxy section */
		975214F41A365298009A2A77 /* PBXContainerItemProxy */ = {
			isa = PBXContainerItemProxy;
			containerPortal = 975214D61A365298009A2A77 /* Project object */;
			proxyType = 1;
			remoteGlobalIDString = 975214DD1A365298009A2A77;
			remoteInfo = PhotoViewer;
		};
/* End PBXContainerItemProxy section */

/* Begin PBXFileReference section */
		975214DE1A365298009A2A77 /* PhotoViewer.app */ = {isa = PBXFileReference; explicitFileType = wrapper.application; includeInIndex = 0; path = PhotoViewer.app; sourceTree = BUILT_PRODUCTS_DIR; };
		975214E21A365298009A2A77 /* Info.plist */ = {isa = PBXFileReference; lastKnownFileType = text.plist.xml; path = Info.plist; sourceTree = "<group>"; };
		975214E31A365298009A2A77 /* AppDelegate.swift */ = {isa = PBXFileReference; lastKnownFileType = sourcecode.swift; path = AppDelegate.swift; sourceTree = "<group>"; };
		975214E81A365298009A2A77 /* Base */ = {isa = PBXFileReference; lastKnownFileType = file.storyboard; name = Base; path = Base.lproj/Main.storyboard; sourceTree = "<group>"; };
		975214EA1A365298009A2A77 /* Images.xcassets */ = {isa = PBXFileReference; lastKnownFileType = folder.assetcatalog; path = Images.xcassets; sourceTree = "<group>"; };
		975214ED1A365298009A2A77 /* Base */ = {isa = PBXFileReference; lastKnownFileType = file.xib; name = Base; path = Base.lproj/LaunchScreen.xib; sourceTree = "<group>"; };
		975214F31A365298009A2A77 /* PhotoViewerTests.xctest */ = {isa = PBXFileReference; explicitFileType = wrapper.cfbundle; includeInIndex = 0; path = PhotoViewerTests.xctest; sourceTree = BUILT_PRODUCTS_DIR; };
		975214F81A365298009A2A77 /* Info.plist */ = {isa = PBXFileReference; lastKnownFileType = text.plist.xml; path = Info.plist; sourceTree = "<group>"; };
		975214F91A365298009A2A77 /* PhotoViewerTests.swift */ = {isa = PBXFileReference; lastKnownFileType = sourcecode.swift; path = PhotoViewerTests.swift; sourceTree = "<group>"; };
		975215031A36DD4F009A2A77 /* Photo.swift */ = {isa = PBXFileReference; fileEncoding = 4; lastKnownFileType = sourcecode.swift; name = Photo.swift; path = PhotoViewer/Photo.swift; sourceTree = "<group>"; };
		975215071A36DE39009A2A77 /* PhotosTableViewController.swift */ = {isa = PBXFileReference; fileEncoding = 4; lastKnownFileType = sourcecode.swift; path = PhotosTableViewController.swift; sourceTree = "<group>"; };
		975215091A36DE50009A2A77 /* DisplayViewController.swift */ = {isa = PBXFileReference; fileEncoding = 4; lastKnownFileType = sourcecode.swift; path = DisplayViewController.swift; sourceTree = "<group>"; };
		9752150B1A36DE5D009A2A77 /* InfoViewController.swift */ = {isa = PBXFileReference; fileEncoding = 4; lastKnownFileType = sourcecode.swift; path = InfoViewController.swift; sourceTree = "<group>"; };
/* End PBXFileReference section */

/* Begin PBXFrameworksBuildPhase section */
		975214DB1A365298009A2A77 /* Frameworks */ = {
			isa = PBXFrameworksBuildPhase;
			buildActionMask = 2147483647;
			files = (
			);
			runOnlyForDeploymentPostprocessing = 0;
		};
		975214F01A365298009A2A77 /* Frameworks */ = {
			isa = PBXFrameworksBuildPhase;
			buildActionMask = 2147483647;
			files = (
			);
			runOnlyForDeploymentPostprocessing = 0;
		};
/* End PBXFrameworksBuildPhase section */

/* Begin PBXGroup section */
		975214D51A365298009A2A77 = {
			isa = PBXGroup;
			children = (
				975215031A36DD4F009A2A77 /* Photo.swift */,
				975214E01A365298009A2A77 /* PhotoViewer */,
				975214F61A365298009A2A77 /* PhotoViewerTests */,
				975214DF1A365298009A2A77 /* Products */,
			);
			sourceTree = "<group>";
		};
		975214DF1A365298009A2A77 /* Products */ = {
			isa = PBXGroup;
			children = (
				975214DE1A365298009A2A77 /* PhotoViewer.app */,
				975214F31A365298009A2A77 /* PhotoViewerTests.xctest */,
			);
			name = Products;
			sourceTree = "<group>";
		};
		975214E01A365298009A2A77 /* PhotoViewer */ = {
			isa = PBXGroup;
			children = (
				975214E31A365298009A2A77 /* AppDelegate.swift */,
				975214E71A365298009A2A77 /* Main.storyboard */,
				975214EA1A365298009A2A77 /* Images.xcassets */,
				975214EC1A365298009A2A77 /* LaunchScreen.xib */,
				975214E11A365298009A2A77 /* Supporting Files */,
				975215071A36DE39009A2A77 /* PhotosTableViewController.swift */,
				975215091A36DE50009A2A77 /* DisplayViewController.swift */,
				9752150B1A36DE5D009A2A77 /* InfoViewController.swift */,
			);
			path = PhotoViewer;
			sourceTree = "<group>";
		};
		975214E11A365298009A2A77 /* Supporting Files */ = {
			isa = PBXGroup;
			children = (
				975214E21A365298009A2A77 /* Info.plist */,
			);
			name = "Supporting Files";
			sourceTree = "<group>";
		};
		975214F61A365298009A2A77 /* PhotoViewerTests */ = {
			isa = PBXGroup;
			children = (
				975214F91A365298009A2A77 /* PhotoViewerTests.swift */,
				975214F71A365298009A2A77 /* Supporting Files */,
			);
			path = PhotoViewerTests;
			sourceTree = "<group>";
		};
		975214F71A365298009A2A77 /* Supporting Files */ = {
			isa = PBXGroup;
			children = (
				975214F81A365298009A2A77 /* Info.plist */,
			);
			name = "Supporting Files";
			sourceTree = "<group>";
		};
/* End PBXGroup section */

/* Begin PBXNativeTarget section */
		975214DD1A365298009A2A77 /* PhotoViewer */ = {
			isa = PBXNativeTarget;
			buildConfigurationList = 975214FD1A365298009A2A77 /* Build configuration list for PBXNativeTarget "PhotoViewer" */;
			buildPhases = (
				975214DA1A365298009A2A77 /* Sources */,
				975214DB1A365298009A2A77 /* Frameworks */,
				975214DC1A365298009A2A77 /* Resources */,
			);
			buildRules = (
			);
			dependencies = (
			);
			name = PhotoViewer;
			productName = PhotoViewer;
			productReference = 975214DE1A365298009A2A77 /* PhotoViewer.app */;
			productType = "com.apple.product-type.application";
		};
		975214F21A365298009A2A77 /* PhotoViewerTests */ = {
			isa = PBXNativeTarget;
			buildConfigurationList = 975215001A365298009A2A77 /* Build configuration list for PBXNativeTarget "PhotoViewerTests" */;
			buildPhases = (
				975214EF1A365298009A2A77 /* Sources */,
				975214F01A365298009A2A77 /* Frameworks */,
				975214F11A365298009A2A77 /* Resources */,
			);
			buildRules = (
			);
			dependencies = (
				975214F51A365298009A2A77 /* PBXTargetDependency */,
			);
			name = PhotoViewerTests;
			productName = PhotoViewerTests;
			productReference = 975214F31A365298009A2A77 /* PhotoViewerTests.xctest */;
			productType = "com.apple.product-type.bundle.unit-test";
		};
/* End PBXNativeTarget section */

/* Begin PBXProject section */
		975214D61A365298009A2A77 /* Project object */ = {
			isa = PBXProject;
			attributes = {
				LastUpgradeCheck = 0610;
				ORGANIZATIONNAME = "Kanishka Goel";
				TargetAttributes = {
					975214DD1A365298009A2A77 = {
						CreatedOnToolsVersion = 6.1.1;
					};
					975214F21A365298009A2A77 = {
						CreatedOnToolsVersion = 6.1.1;
						TestTargetID = 975214DD1A365298009A2A77;
					};
				};
			};
			buildConfigurationList = 975214D91A365298009A2A77 /* Build configuration list for PBXProject "PhotoViewer" */;
			compatibilityVersion = "Xcode 3.2";
			developmentRegion = English;
			hasScannedForEncodings = 0;
			knownRegions = (
				en,
				Base,
			);
			mainGroup = 975214D51A365298009A2A77;
			productRefGroup = 975214DF1A365298009A2A77 /* Products */;
			projectDirPath = "";
			projectRoot = "";
			targets = (
				975214DD1A365298009A2A77 /* PhotoViewer */,
				975214F21A365298009A2A77 /* PhotoViewerTests */,
			);
		};
/* End PBXProject section */

/* Begin PBXResourcesBuildPhase section */
		975214DC1A365298009A2A77 /* Resources */ = {
			isa = PBXResourcesBuildPhase;
			buildActionMask = 2147483647;
			files = (
				975214E91A365298009A2A77 /* Main.storyboard in Resources */,
				975214EE1A365298009A2A77 /* LaunchScreen.xib in Resources */,
				975214EB1A365298009A2A77 /* Images.xcassets in Resources */,
			);
			runOnlyForDeploymentPostprocessing = 0;
		};
		975214F11A365298009A2A77 /* Resources */ = {
			isa = PBXResourcesBuildPhase;
			buildActionMask = 2147483647;
			files = (
			);
			runOnlyForDeploymentPostprocessing = 0;
		};
/* End PBXResourcesBuildPhase section */

/* Begin PBXSourcesBuildPhase section */
		975214DA1A365298009A2A77 /* Sources */ = {
			isa = PBXSourcesBuildPhase;
			buildActionMask = 2147483647;
			files = (
				975215041A36DD4F009A2A77 /* Photo.swift in Sources */,
				975214E41A365298009A2A77 /* AppDelegate.swift in Sources */,
				975215081A36DE39009A2A77 /* PhotosTableViewController.swift in Sources */,
				9752150A1A36DE50009A2A77 /* DisplayViewController.swift in Sources */,
				9752150C1A36DE5D009A2A77 /* InfoViewController.swift in Sources */,
			);
			runOnlyForDeploymentPostprocessing = 0;
		};
		975214EF1A365298009A2A77 /* Sources */ = {
			isa = PBXSourcesBuildPhase;
			buildActionMask = 2147483647;
			files = (
				975214FA1A365298009A2A77 /* PhotoViewerTests.swift in Sources */,
			);
			runOnlyForDeploymentPostprocessing = 0;
		};
/* End PBXSourcesBuildPhase section */

/* Begin PBXTargetDependency section */
		975214F51A365298009A2A77 /* PBXTargetDependency */ = {
			isa = PBXTargetDependency;
			target = 975214DD1A365298009A2A77 /* PhotoViewer */;
			targetProxy = 975214F41A365298009A2A77 /* PBXContainerItemProxy */;
		};
/* End PBXTargetDependency section */

/* Begin PBXVariantGroup section */
		975214E71A365298009A2A77 /* Main.storyboard */ = {
			isa = PBXVariantGroup;
			children = (
				975214E81A365298009A2A77 /* Base */,
			);
			name = Main.storyboard;
			sourceTree = "<group>";
		};
		975214EC1A365298009A2A77 /* LaunchScreen.xib */ = {
			isa = PBXVariantGroup;
			children = (
				975214ED1A365298009A2A77 /* Base */,
			);
			name = LaunchScreen.xib;
			sourceTree = "<group>";
		};
/* End PBXVariantGroup section */

/* Begin XCBuildConfiguration section */
		975214FB1A365298009A2A77 /* Debug */ = {
			isa = XCBuildConfiguration;
			buildSettings = {
				ALWAYS_SEARCH_USER_PATHS = NO;
				CLANG_CXX_LANGUAGE_STANDARD = "gnu++0x";
				CLANG_CXX_LIBRARY = "libc++";
				CLANG_ENABLE_MODULES = YES;
				CLANG_ENABLE_OBJC_ARC = YES;
				CLANG_WARN_BOOL_CONVERSION = YES;
				CLANG_WARN_CONSTANT_CONVERSION = YES;
				CLANG_WARN_DIRECT_OBJC_ISA_USAGE = YES_ERROR;
				CLANG_WARN_EMPTY_BODY = YES;
				CLANG_WARN_ENUM_CONVERSION = YES;
				CLANG_WARN_INT_CONVERSION = YES;
				CLANG_WARN_OBJC_ROOT_CLASS = YES_ERROR;
				CLANG_WARN_UNREACHABLE_CODE = YES;
				CLANG_WARN__DUPLICATE_METHOD_MATCH = YES;
				"CODE_SIGN_IDENTITY[sdk=iphoneos*]" = "iPhone Developer";
				COPY_PHASE_STRIP = NO;
				ENABLE_STRICT_OBJC_MSGSEND = YES;
				GCC_C_LANGUAGE_STANDARD = gnu99;
				GCC_DYNAMIC_NO_PIC = NO;
				GCC_OPTIMIZATION_LEVEL = 0;
				GCC_PREPROCESSOR_DEFINITIONS = (
					"DEBUG=1",
					"$(inherited)",
				);
				GCC_SYMBOLS_PRIVATE_EXTERN = NO;
				GCC_WARN_64_TO_32_BIT_CONVERSION = YES;
				GCC_WARN_ABOUT_RETURN_TYPE = YES_ERROR;
				GCC_WARN_UNDECLARED_SELECTOR = YES;
				GCC_WARN_UNINITIALIZED_AUTOS = YES_AGGRESSIVE;
				GCC_WARN_UNUSED_FUNCTION = YES;
				GCC_WARN_UNUSED_VARIABLE = YES;
				IPHONEOS_DEPLOYMENT_TARGET = 8.1;
				MTL_ENABLE_DEBUG_INFO = YES;
				ONLY_ACTIVE_ARCH = YES;
				SDKROOT = iphoneos;
				SWIFT_OPTIMIZATION_LEVEL = "-Onone";
			};
			name = Debug;
		};
		975214FC1A365298009A2A77 /* Release */ = {
			isa = XCBuildConfiguration;
			buildSettings = {
				ALWAYS_SEARCH_USER_PATHS = NO;
				CLANG_CXX_LANGUAGE_STANDARD = "gnu++0x";
				CLANG_CXX_LIBRARY = "libc++";
				CLANG_ENABLE_MODULES = YES;
				CLANG_ENABLE_OBJC_ARC = YES;
				CLANG_WARN_BOOL_CONVERSION = YES;
				CLANG_WARN_CONSTANT_CONVERSION = YES;
				CLANG_WARN_DIRECT_OBJC_ISA_USAGE = YES_ERROR;
				CLANG_WARN_EMPTY_BODY = YES;
				CLANG_WARN_ENUM_CONVERSION = YES;
				CLANG_WARN_INT_CONVERSION = YES;
				CLANG_WARN_OBJC_ROOT_CLASS = YES_ERROR;
				CLANG_WARN_UNREACHABLE_CODE = YES;
				CLANG_WARN__DUPLICATE_METHOD_MATCH = YES;
				"CODE_SIGN_IDENTITY[sdk=iphoneos*]" = "iPhone Developer";
				COPY_PHASE_STRIP = YES;
				ENABLE_NS_ASSERTIONS = NO;
				ENABLE_STRICT_OBJC_MSGSEND = YES;
				GCC_C_LANGUAGE_STANDARD = gnu99;
				GCC_WARN_64_TO_32_BIT_CONVERSION = YES;
				GCC_WARN_ABOUT_RETURN_TYPE = YES_ERROR;
				GCC_WARN_UNDECLARED_SELECTOR = YES;
				GCC_WARN_UNINITIALIZED_AUTOS = YES_AGGRESSIVE;
				GCC_WARN_UNUSED_FUNCTION = YES;
				GCC_WARN_UNUSED_VARIABLE = YES;
				IPHONEOS_DEPLOYMENT_TARGET = 8.1;
				MTL_ENABLE_DEBUG_INFO = NO;
				SDKROOT = iphoneos;
				VALIDATE_PRODUCT = YES;
			};
			name = Release;
		};
		975214FE1A365298009A2A77 /* Debug */ = {
			isa = XCBuildConfiguration;
			buildSettings = {
				ASSETCATALOG_COMPILER_APPICON_NAME = AppIcon;
				INFOPLIST_FILE = PhotoViewer/Info.plist;
				LD_RUNPATH_SEARCH_PATHS = "$(inherited) @executable_path/Frameworks";
				PRODUCT_NAME = "$(TARGET_NAME)";
			};
			name = Debug;
		};
		975214FF1A365298009A2A77 /* Release */ = {
			isa = XCBuildConfiguration;
			buildSettings = {
				ASSETCATALOG_COMPILER_APPICON_NAME = AppIcon;
				INFOPLIST_FILE = PhotoViewer/Info.plist;
				LD_RUNPATH_SEARCH_PATHS = "$(inherited) @executable_path/Frameworks";
				PRODUCT_NAME = "$(TARGET_NAME)";
			};
			name = Release;
		};
		975215011A365298009A2A77 /* Debug */ = {
			isa = XCBuildConfiguration;
			buildSettings = {
				BUNDLE_LOADER = "$(TEST_HOST)";
				FRAMEWORK_SEARCH_PATHS = (
					"$(SDKROOT)/Developer/Library/Frameworks",
					"$(inherited)",
				);
				GCC_PREPROCESSOR_DEFINITIONS = (
					"DEBUG=1",
					"$(inherited)",
				);
				INFOPLIST_FILE = PhotoViewerTests/Info.plist;
				LD_RUNPATH_SEARCH_PATHS = "$(inherited) @executable_path/Frameworks @loader_path/Frameworks";
				PRODUCT_NAME = "$(TARGET_NAME)";
				TEST_HOST = "$(BUILT_PRODUCTS_DIR)/PhotoViewer.app/PhotoViewer";
			};
			name = Debug;
		};
		975215021A365298009A2A77 /* Release */ = {
			isa = XCBuildConfiguration;
			buildSettings = {
				BUNDLE_LOADER = "$(TEST_HOST)";
				FRAMEWORK_SEARCH_PATHS = (
					"$(SDKROOT)/Developer/Library/Frameworks",
					"$(inherited)",
				);
				INFOPLIST_FILE = PhotoViewerTests/Info.plist;
				LD_RUNPATH_SEARCH_PATHS = "$(inherited) @executable_path/Frameworks @loader_path/Frameworks";
				PRODUCT_NAME = "$(TARGET_NAME)";
				TEST_HOST = "$(BUILT_PRODUCTS_DIR)/PhotoViewer.app/PhotoViewer";
			};
			name = Release;
		};
/* End XCBuildConfiguration section */

/* Begin XCConfigurationList section */
		975214D91A365298009A2A77 /* Build configuration list for PBXProject "PhotoViewer" */ = {
			isa = XCConfigurationList;
			buildConfigurations = (
				975214FB1A365298009A2A77 /* Debug */,
				975214FC1A365298009A2A77 /* Release */,
			);
			defaultConfigurationIsVisible = 0;
			defaultConfigurationName = Release;
		};
		975214FD1A365298009A2A77 /* Build configuration list for PBXNativeTarget "PhotoViewer" */ = {
			isa = XCConfigurationList;
			buildConfigurations = (
				975214FE1A365298009A2A77 /* Debug */,
				975214FF1A365298009A2A77 /* Release */,
			);
			defaultConfigurationIsVisible = 0;
		};
		975215001A365298009A2A77 /* Build configuration list for PBXNativeTarget "PhotoViewerTests" */ = {
			isa = XCConfigurationList;
			buildConfigurations = (
				975215011A365298009A2A77 /* Debug */,
				975215021A365298009A2A77 /* Release */,
			);
			defaultConfigurationIsVisible = 0;
		};
/* End XCConfigurationList section */
	};
	rootObject = 975214D61A365298009A2A77 /* Project object */;
}
