// !$*UTF8*$!
{
	archiveVersion = 1;
	classes = {
	};
	objectVersion = 46;
	objects = {

/* Begin PBXBuildFile section */
		9702EE451A27F2F900516650 /* AppDelegate.swift in Sources */ = {isa = PBXBuildFile; fileRef = 9702EE441A27F2F900516650 /* AppDelegate.swift */; };
		9702EE471A27F2F900516650 /* ViewController.swift in Sources */ = {isa = PBXBuildFile; fileRef = 9702EE461A27F2F900516650 /* ViewController.swift */; };
		9702EE4A1A27F2F900516650 /* Main.storyboard in Resources */ = {isa = PBXBuildFile; fileRef = 9702EE481A27F2F900516650 /* Main.storyboard */; };
		9702EE4C1A27F2F900516650 /* Images.xcassets in Resources */ = {isa = PBXBuildFile; fileRef = 9702EE4B1A27F2F900516650 /* Images.xcassets */; };
		9702EE4F1A27F2F900516650 /* LaunchScreen.xib in Resources */ = {isa = PBXBuildFile; fileRef = 9702EE4D1A27F2F900516650 /* LaunchScreen.xib */; };
		9702EE5B1A27F2F900516650 /* FirstDemoTests.swift in Sources */ = {isa = PBXBuildFile; fileRef = 9702EE5A1A27F2F900516650 /* FirstDemoTests.swift */; };
/* End PBXBuildFile section */

/* Begin PBXContainerItemProxy section */
		9702EE551A27F2F900516650 /* PBXContainerItemProxy */ = {
			isa = PBXContainerItemProxy;
			containerPortal = 9702EE371A27F2F900516650 /* Project object */;
			proxyType = 1;
			remoteGlobalIDString = 9702EE3E1A27F2F900516650;
			remoteInfo = FirstDemo;
		};
/* End PBXContainerItemProxy section */

/* Begin PBXFileReference section */
		9702EE3F1A27F2F900516650 /* FirstDemo.app */ = {isa = PBXFileReference; explicitFileType = wrapper.application; includeInIndex = 0; path = FirstDemo.app; sourceTree = BUILT_PRODUCTS_DIR; };
		9702EE431A27F2F900516650 /* Info.plist */ = {isa = PBXFileReference; lastKnownFileType = text.plist.xml; path = Info.plist; sourceTree = "<group>"; };
		9702EE441A27F2F900516650 /* AppDelegate.swift */ = {isa = PBXFileReference; lastKnownFileType = sourcecode.swift; path = AppDelegate.swift; sourceTree = "<group>"; };
		9702EE461A27F2F900516650 /* ViewController.swift */ = {isa = PBXFileReference; lastKnownFileType = sourcecode.swift; path = ViewController.swift; sourceTree = "<group>"; };
		9702EE491A27F2F900516650 /* Base */ = {isa = PBXFileReference; lastKnownFileType = file.storyboard; name = Base; path = Base.lproj/Main.storyboard; sourceTree = "<group>"; };
		9702EE4B1A27F2F900516650 /* Images.xcassets */ = {isa = PBXFileReference; lastKnownFileType = folder.assetcatalog; path = Images.xcassets; sourceTree = "<group>"; };
		9702EE4E1A27F2F900516650 /* Base */ = {isa = PBXFileReference; lastKnownFileType = file.xib; name = Base; path = Base.lproj/LaunchScreen.xib; sourceTree = "<group>"; };
		9702EE541A27F2F900516650 /* FirstDemoTests.xctest */ = {isa = PBXFileReference; explicitFileType = wrapper.cfbundle; includeInIndex = 0; path = FirstDemoTests.xctest; sourceTree = BUILT_PRODUCTS_DIR; };
		9702EE591A27F2F900516650 /* Info.plist */ = {isa = PBXFileReference; lastKnownFileType = text.plist.xml; path = Info.plist; sourceTree = "<group>"; };
		9702EE5A1A27F2F900516650 /* FirstDemoTests.swift */ = {isa = PBXFileReference; lastKnownFileType = sourcecode.swift; path = FirstDemoTests.swift; sourceTree = "<group>"; };
/* End PBXFileReference section */

/* Begin PBXFrameworksBuildPhase section */
		9702EE3C1A27F2F900516650 /* Frameworks */ = {
			isa = PBXFrameworksBuildPhase;
			buildActionMask = 2147483647;
			files = (
			);
			runOnlyForDeploymentPostprocessing = 0;
		};
		9702EE511A27F2F900516650 /* Frameworks */ = {
			isa = PBXFrameworksBuildPhase;
			buildActionMask = 2147483647;
			files = (
			);
			runOnlyForDeploymentPostprocessing = 0;
		};
/* End PBXFrameworksBuildPhase section */

/* Begin PBXGroup section */
		9702EE361A27F2F900516650 = {
			isa = PBXGroup;
			children = (
				9702EE411A27F2F900516650 /* FirstDemo */,
				9702EE571A27F2F900516650 /* FirstDemoTests */,
				9702EE401A27F2F900516650 /* Products */,
			);
			sourceTree = "<group>";
		};
		9702EE401A27F2F900516650 /* Products */ = {
			isa = PBXGroup;
			children = (
				9702EE3F1A27F2F900516650 /* FirstDemo.app */,
				9702EE541A27F2F900516650 /* FirstDemoTests.xctest */,
			);
			name = Products;
			sourceTree = "<group>";
		};
		9702EE411A27F2F900516650 /* FirstDemo */ = {
			isa = PBXGroup;
			children = (
				9702EE441A27F2F900516650 /* AppDelegate.swift */,
				9702EE461A27F2F900516650 /* ViewController.swift */,
				9702EE481A27F2F900516650 /* Main.storyboard */,
				9702EE4B1A27F2F900516650 /* Images.xcassets */,
				9702EE4D1A27F2F900516650 /* LaunchScreen.xib */,
				9702EE421A27F2F900516650 /* Supporting Files */,
			);
			path = FirstDemo;
			sourceTree = "<group>";
		};
		9702EE421A27F2F900516650 /* Supporting Files */ = {
			isa = PBXGroup;
			children = (
				9702EE431A27F2F900516650 /* Info.plist */,
			);
			name = "Supporting Files";
			sourceTree = "<group>";
		};
		9702EE571A27F2F900516650 /* FirstDemoTests */ = {
			isa = PBXGroup;
			children = (
				9702EE5A1A27F2F900516650 /* FirstDemoTests.swift */,
				9702EE581A27F2F900516650 /* Supporting Files */,
			);
			path = FirstDemoTests;
			sourceTree = "<group>";
		};
		9702EE581A27F2F900516650 /* Supporting Files */ = {
			isa = PBXGroup;
			children = (
				9702EE591A27F2F900516650 /* Info.plist */,
			);
			name = "Supporting Files";
			sourceTree = "<group>";
		};
/* End PBXGroup section */

/* Begin PBXNativeTarget section */
		9702EE3E1A27F2F900516650 /* FirstDemo */ = {
			isa = PBXNativeTarget;
			buildConfigurationList = 9702EE5E1A27F2F900516650 /* Build configuration list for PBXNativeTarget "FirstDemo" */;
			buildPhases = (
				9702EE3B1A27F2F900516650 /* Sources */,
				9702EE3C1A27F2F900516650 /* Frameworks */,
				9702EE3D1A27F2F900516650 /* Resources */,
			);
			buildRules = (
			);
			dependencies = (
			);
			name = FirstDemo;
			productName = FirstDemo;
			productReference = 9702EE3F1A27F2F900516650 /* FirstDemo.app */;
			productType = "com.apple.product-type.application";
		};
		9702EE531A27F2F900516650 /* FirstDemoTests */ = {
			isa = PBXNativeTarget;
			buildConfigurationList = 9702EE611A27F2F900516650 /* Build configuration list for PBXNativeTarget "FirstDemoTests" */;
			buildPhases = (
				9702EE501A27F2F900516650 /* Sources */,
				9702EE511A27F2F900516650 /* Frameworks */,
				9702EE521A27F2F900516650 /* Resources */,
			);
			buildRules = (
			);
			dependencies = (
				9702EE561A27F2F900516650 /* PBXTargetDependency */,
			);
			name = FirstDemoTests;
			productName = FirstDemoTests;
			productReference = 9702EE541A27F2F900516650 /* FirstDemoTests.xctest */;
			productType = "com.apple.product-type.bundle.unit-test";
		};
/* End PBXNativeTarget section */

/* Begin PBXProject section */
		9702EE371A27F2F900516650 /* Project object */ = {
			isa = PBXProject;
			attributes = {
				LastUpgradeCheck = 0610;
				ORGANIZATIONNAME = "Kanishka Goel";
				TargetAttributes = {
					9702EE3E1A27F2F900516650 = {
						CreatedOnToolsVersion = 6.1;
					};
					9702EE531A27F2F900516650 = {
						CreatedOnToolsVersion = 6.1;
						TestTargetID = 9702EE3E1A27F2F900516650;
					};
				};
			};
			buildConfigurationList = 9702EE3A1A27F2F900516650 /* Build configuration list for PBXProject "FirstDemo" */;
			compatibilityVersion = "Xcode 3.2";
			developmentRegion = English;
			hasScannedForEncodings = 0;
			knownRegions = (
				en,
				Base,
			);
			mainGroup = 9702EE361A27F2F900516650;
			productRefGroup = 9702EE401A27F2F900516650 /* Products */;
			projectDirPath = "";
			projectRoot = "";
			targets = (
				9702EE3E1A27F2F900516650 /* FirstDemo */,
				9702EE531A27F2F900516650 /* FirstDemoTests */,
			);
		};
/* End PBXProject section */

/* Begin PBXResourcesBuildPhase section */
		9702EE3D1A27F2F900516650 /* Resources */ = {
			isa = PBXResourcesBuildPhase;
			buildActionMask = 2147483647;
			files = (
				9702EE4A1A27F2F900516650 /* Main.storyboard in Resources */,
				9702EE4F1A27F2F900516650 /* LaunchScreen.xib in Resources */,
				9702EE4C1A27F2F900516650 /* Images.xcassets in Resources */,
			);
			runOnlyForDeploymentPostprocessing = 0;
		};
		9702EE521A27F2F900516650 /* Resources */ = {
			isa = PBXResourcesBuildPhase;
			buildActionMask = 2147483647;
			files = (
			);
			runOnlyForDeploymentPostprocessing = 0;
		};
/* End PBXResourcesBuildPhase section */

/* Begin PBXSourcesBuildPhase section */
		9702EE3B1A27F2F900516650 /* Sources */ = {
			isa = PBXSourcesBuildPhase;
			buildActionMask = 2147483647;
			files = (
				9702EE471A27F2F900516650 /* ViewController.swift in Sources */,
				9702EE451A27F2F900516650 /* AppDelegate.swift in Sources */,
			);
			runOnlyForDeploymentPostprocessing = 0;
		};
		9702EE501A27F2F900516650 /* Sources */ = {
			isa = PBXSourcesBuildPhase;
			buildActionMask = 2147483647;
			files = (
				9702EE5B1A27F2F900516650 /* FirstDemoTests.swift in Sources */,
			);
			runOnlyForDeploymentPostprocessing = 0;
		};
/* End PBXSourcesBuildPhase section */

/* Begin PBXTargetDependency section */
		9702EE561A27F2F900516650 /* PBXTargetDependency */ = {
			isa = PBXTargetDependency;
			target = 9702EE3E1A27F2F900516650 /* FirstDemo */;
			targetProxy = 9702EE551A27F2F900516650 /* PBXContainerItemProxy */;
		};
/* End PBXTargetDependency section */

/* Begin PBXVariantGroup section */
		9702EE481A27F2F900516650 /* Main.storyboard */ = {
			isa = PBXVariantGroup;
			children = (
				9702EE491A27F2F900516650 /* Base */,
			);
			name = Main.storyboard;
			sourceTree = "<group>";
		};
		9702EE4D1A27F2F900516650 /* LaunchScreen.xib */ = {
			isa = PBXVariantGroup;
			children = (
				9702EE4E1A27F2F900516650 /* Base */,
			);
			name = LaunchScreen.xib;
			sourceTree = "<group>";
		};
/* End PBXVariantGroup section */

/* Begin XCBuildConfiguration section */
		9702EE5C1A27F2F900516650 /* Debug */ = {
			isa = XCBuildConfiguration;
			buildSettings = {
				ALWAYS_SEARCH_USER_PATHS = NO;
				CLANG_CXX_LANGUAGE_STANDARD = "gnu++0x";
				CLANG_CXX_LIBRARY = "libc++";
				CLANG_ENABLE_MODULES = YES;
				CLANG_ENABLE_OBJC_ARC = YES;
				CLANG_WARN_BOOL_CONVERSION = YES;
				CLANG_WARN_CONSTANT_CONVERSION = YES;
				CLANG_WARN_DIRECT_OBJC_ISA_USAGE = YES_ERROR;
				CLANG_WARN_EMPTY_BODY = YES;
				CLANG_WARN_ENUM_CONVERSION = YES;
				CLANG_WARN_INT_CONVERSION = YES;
				CLANG_WARN_OBJC_ROOT_CLASS = YES_ERROR;
				CLANG_WARN_UNREACHABLE_CODE = YES;
				CLANG_WARN__DUPLICATE_METHOD_MATCH = YES;
				"CODE_SIGN_IDENTITY[sdk=iphoneos*]" = "iPhone Developer";
				COPY_PHASE_STRIP = NO;
				ENABLE_STRICT_OBJC_MSGSEND = YES;
				GCC_C_LANGUAGE_STANDARD = gnu99;
				GCC_DYNAMIC_NO_PIC = NO;
				GCC_OPTIMIZATION_LEVEL = 0;
				GCC_PREPROCESSOR_DEFINITIONS = (
					"DEBUG=1",
					"$(inherited)",
				);
				GCC_SYMBOLS_PRIVATE_EXTERN = NO;
				GCC_WARN_64_TO_32_BIT_CONVERSION = YES;
				GCC_WARN_ABOUT_RETURN_TYPE = YES_ERROR;
				GCC_WARN_UNDECLARED_SELECTOR = YES;
				GCC_WARN_UNINITIALIZED_AUTOS = YES_AGGRESSIVE;
				GCC_WARN_UNUSED_FUNCTION = YES;
				GCC_WARN_UNUSED_VARIABLE = YES;
				IPHONEOS_DEPLOYMENT_TARGET = 8.1;
				MTL_ENABLE_DEBUG_INFO = YES;
				ONLY_ACTIVE_ARCH = YES;
				SDKROOT = iphoneos;
				SWIFT_OPTIMIZATION_LEVEL = "-Onone";
			};
			name = Debug;
		};
		9702EE5D1A27F2F900516650 /* Release */ = {
			isa = XCBuildConfiguration;
			buildSettings = {
				ALWAYS_SEARCH_USER_PATHS = NO;
				CLANG_CXX_LANGUAGE_STANDARD = "gnu++0x";
				CLANG_CXX_LIBRARY = "libc++";
				CLANG_ENABLE_MODULES = YES;
				CLANG_ENABLE_OBJC_ARC = YES;
				CLANG_WARN_BOOL_CONVERSION = YES;
				CLANG_WARN_CONSTANT_CONVERSION = YES;
				CLANG_WARN_DIRECT_OBJC_ISA_USAGE = YES_ERROR;
				CLANG_WARN_EMPTY_BODY = YES;
				CLANG_WARN_ENUM_CONVERSION = YES;
				CLANG_WARN_INT_CONVERSION = YES;
				CLANG_WARN_OBJC_ROOT_CLASS = YES_ERROR;
				CLANG_WARN_UNREACHABLE_CODE = YES;
				CLANG_WARN__DUPLICATE_METHOD_MATCH = YES;
				"CODE_SIGN_IDENTITY[sdk=iphoneos*]" = "iPhone Developer";
				COPY_PHASE_STRIP = YES;
				ENABLE_NS_ASSERTIONS = NO;
				ENABLE_STRICT_OBJC_MSGSEND = YES;
				GCC_C_LANGUAGE_STANDARD = gnu99;
				GCC_WARN_64_TO_32_BIT_CONVERSION = YES;
				GCC_WARN_ABOUT_RETURN_TYPE = YES_ERROR;
				GCC_WARN_UNDECLARED_SELECTOR = YES;
				GCC_WARN_UNINITIALIZED_AUTOS = YES_AGGRESSIVE;
				GCC_WARN_UNUSED_FUNCTION = YES;
				GCC_WARN_UNUSED_VARIABLE = YES;
				IPHONEOS_DEPLOYMENT_TARGET = 8.1;
				MTL_ENABLE_DEBUG_INFO = NO;
				SDKROOT = iphoneos;
				VALIDATE_PRODUCT = YES;
			};
			name = Release;
		};
		9702EE5F1A27F2F900516650 /* Debug */ = {
			isa = XCBuildConfiguration;
			buildSettings = {
				ASSETCATALOG_COMPILER_APPICON_NAME = AppIcon;
				INFOPLIST_FILE = FirstDemo/Info.plist;
				LD_RUNPATH_SEARCH_PATHS = "$(inherited) @executable_path/Frameworks";
				PRODUCT_NAME = "$(TARGET_NAME)";
			};
			name = Debug;
		};
		9702EE601A27F2F900516650 /* Release */ = {
			isa = XCBuildConfiguration;
			buildSettings = {
				ASSETCATALOG_COMPILER_APPICON_NAME = AppIcon;
				INFOPLIST_FILE = FirstDemo/Info.plist;
				LD_RUNPATH_SEARCH_PATHS = "$(inherited) @executable_path/Frameworks";
				PRODUCT_NAME = "$(TARGET_NAME)";
			};
			name = Release;
		};
		9702EE621A27F2F900516650 /* Debug */ = {
			isa = XCBuildConfiguration;
			buildSettings = {
				BUNDLE_LOADER = "$(TEST_HOST)";
				FRAMEWORK_SEARCH_PATHS = (
					"$(SDKROOT)/Developer/Library/Frameworks",
					"$(inherited)",
				);
				GCC_PREPROCESSOR_DEFINITIONS = (
					"DEBUG=1",
					"$(inherited)",
				);
				INFOPLIST_FILE = FirstDemoTests/Info.plist;
				LD_RUNPATH_SEARCH_PATHS = "$(inherited) @executable_path/Frameworks @loader_path/Frameworks";
				PRODUCT_NAME = "$(TARGET_NAME)";
				TEST_HOST = "$(BUILT_PRODUCTS_DIR)/FirstDemo.app/FirstDemo";
			};
			name = Debug;
		};
		9702EE631A27F2F900516650 /* Release */ = {
			isa = XCBuildConfiguration;
			buildSettings = {
				BUNDLE_LOADER = "$(TEST_HOST)";
				FRAMEWORK_SEARCH_PATHS = (
					"$(SDKROOT)/Developer/Library/Frameworks",
					"$(inherited)",
				);
				INFOPLIST_FILE = FirstDemoTests/Info.plist;
				LD_RUNPATH_SEARCH_PATHS = "$(inherited) @executable_path/Frameworks @loader_path/Frameworks";
				PRODUCT_NAME = "$(TARGET_NAME)";
				TEST_HOST = "$(BUILT_PRODUCTS_DIR)/FirstDemo.app/FirstDemo";
			};
			name = Release;
		};
/* End XCBuildConfiguration section */

/* Begin XCConfigurationList section */
		9702EE3A1A27F2F900516650 /* Build configuration list for PBXProject "FirstDemo" */ = {
			isa = XCConfigurationList;
			buildConfigurations = (
				9702EE5C1A27F2F900516650 /* Debug */,
				9702EE5D1A27F2F900516650 /* Release */,
			);
			defaultConfigurationIsVisible = 0;
			defaultConfigurationName = Release;
		};
		9702EE5E1A27F2F900516650 /* Build configuration list for PBXNativeTarget "FirstDemo" */ = {
			isa = XCConfigurationList;
			buildConfigurations = (
				9702EE5F1A27F2F900516650 /* Debug */,
				9702EE601A27F2F900516650 /* Release */,
			);
			defaultConfigurationIsVisible = 0;
		};
		9702EE611A27F2F900516650 /* Build configuration list for PBXNativeTarget "FirstDemoTests" */ = {
			isa = XCConfigurationList;
			buildConfigurations = (
				9702EE621A27F2F900516650 /* Debug */,
				9702EE631A27F2F900516650 /* Release */,
			);
			defaultConfigurationIsVisible = 0;
		};
/* End XCConfigurationList section */
	};
	rootObject = 9702EE371A27F2F900516650 /* Project object */;
}
